
Microsoft Visual Studio Solution File, Format Version 12.00
# Visual Studio Version 17
VisualStudioVersion = 17.5.002.0
MinimumVisualStudioVersion = 10.0.40219.1
Project("{9A19103F-16F7-4668-BE54-9A1E7A4F7556}") = "LingWo", "LingWo.csproj", "{9BE2675D-2ECD-48D8-90A1-84C9A058169D}"
EndProject
Global
	GlobalSection(SolutionConfigurationPlatforms) = preSolution
		Debug|Any CPU = Debug|Any CPU
		Release|Any CPU = Release|Any CPU
	EndGlobalSection
	GlobalSection(ProjectConfigurationPlatforms) = postSolution
		{9BE2675D-2ECD-48D8-90A1-84C9A058169D}.Debug|Any CPU.ActiveCfg = Debug|Any CPU
		{9BE2675D-2ECD-48D8-90A1-84C9A058169D}.Debug|Any CPU.Build.0 = Debug|Any CPU
		{9BE2675D-2ECD-48D8-90A1-84C9A058169D}.Release|Any CPU.ActiveCfg = Release|Any CPU
		{9BE2675D-2ECD-48D8-90A1-84C9A058169D}.Release|Any CPU.Build.0 = Release|Any CPU
	EndGlobalSection
	GlobalSection(SolutionProperties) = preSolution
		HideSolutionNode = FALSE
	EndGlobalSection
	GlobalSection(ExtensibilityGlobals) = postSolution
		SolutionGuid = {32CB2645-838F-4C6C-998D-5250499B47B5}
	EndGlobalSection
EndGlobal
